// !$*UTF8*$!
{
	archiveVersion = 1;
	classes = {
	};
	objectVersion = 48;
	objects = {

/* Begin PBXBuildFile section */
		BFA803FF1F40CEA900E4CB09 /* AppDelegate.swift in Sources */ = {isa = PBXBuildFile; fileRef = BFA803FE1F40CEA900E4CB09 /* AppDelegate.swift */; };
		BFA804011F40CEA900E4CB09 /* ViewController.swift in Sources */ = {isa = PBXBuildFile; fileRef = BFA804001F40CEA900E4CB09 /* ViewController.swift */; };
		BFA804041F40CEA900E4CB09 /* Main.storyboard in Resources */ = {isa = PBXBuildFile; fileRef = BFA804021F40CEA900E4CB09 /* Main.storyboard */; };
		BFA804061F40CEA900E4CB09 /* Assets.xcassets in Resources */ = {isa = PBXBuildFile; fileRef = BFA804051F40CEA900E4CB09 /* Assets.xcassets */; };
		BFA804091F40CEA900E4CB09 /* LaunchScreen.storyboard in Resources */ = {isa = PBXBuildFile; fileRef = BFA804071F40CEA900E4CB09 /* LaunchScreen.storyboard */; };
/* End PBXBuildFile section */

/* Begin PBXFileReference section */
		BFA803FB1F40CEA900E4CB09 /* Dev Profile.app */ = {isa = PBXFileReference; explicitFileType = wrapper.application; includeInIndex = 0; path = "Dev Profile.app"; sourceTree = BUILT_PRODUCTS_DIR; };
		BFA803FE1F40CEA900E4CB09 /* AppDelegate.swift */ = {isa = PBXFileReference; lastKnownFileType = sourcecode.swift; path = AppDelegate.swift; sourceTree = "<group>"; };
		BFA804001F40CEA900E4CB09 /* ViewController.swift */ = {isa = PBXFileReference; lastKnownFileType = sourcecode.swift; path = ViewController.swift; sourceTree = "<group>"; };
		BFA804031F40CEA900E4CB09 /* Base */ = {isa = PBXFileReference; lastKnownFileType = file.storyboard; name = Base; path = Base.lproj/Main.storyboard; sourceTree = "<group>"; };
		BFA804051F40CEA900E4CB09 /* Assets.xcassets */ = {isa = PBXFileReference; lastKnownFileType = folder.assetcatalog; path = Assets.xcassets; sourceTree = "<group>"; };
		BFA804081F40CEA900E4CB09 /* Base */ = {isa = PBXFileReference; lastKnownFileType = file.storyboard; name = Base; path = Base.lproj/LaunchScreen.storyboard; sourceTree = "<group>"; };
		BFA8040A1F40CEA900E4CB09 /* Info.plist */ = {isa = PBXFileReference; lastKnownFileType = text.plist.xml; path = Info.plist; sourceTree = "<group>"; };
/* End PBXFileReference section */

/* Begin PBXFrameworksBuildPhase section */
		BFA803F81F40CEA900E4CB09 /* Frameworks */ = {
			isa = PBXFrameworksBuildPhase;
			buildActionMask = 2147483647;
			files = (
			);
			runOnlyForDeploymentPostprocessing = 0;
		};
/* End PBXFrameworksBuildPhase section */

/* Begin PBXGroup section */
		BFA803F21F40CEA900E4CB09 = {
			isa = PBXGroup;
			children = (
				BFA803FD1F40CEA900E4CB09 /* Dev Profile */,
				BFA803FC1F40CEA900E4CB09 /* Products */,
			);
			sourceTree = "<group>";
		};
		BFA803FC1F40CEA900E4CB09 /* Products */ = {
			isa = PBXGroup;
			children = (
				BFA803FB1F40CEA900E4CB09 /* Dev Profile.app */,
			);
			name = Products;
			sourceTree = "<group>";
		};
		BFA803FD1F40CEA900E4CB09 /* Dev Profile */ = {
			isa = PBXGroup;
			children = (
				BFA803FE1F40CEA900E4CB09 /* AppDelegate.swift */,
				BFA804001F40CEA900E4CB09 /* ViewController.swift */,
				BFA804021F40CEA900E4CB09 /* Main.storyboard */,
				BFA804051F40CEA900E4CB09 /* Assets.xcassets */,
				BFA804071F40CEA900E4CB09 /* LaunchScreen.storyboard */,
				BFA8040A1F40CEA900E4CB09 /* Info.plist */,
			);
			path = "Dev Profile";
			sourceTree = "<group>";
		};
/* End PBXGroup section */

/* Begin PBXNativeTarget section */
		BFA803FA1F40CEA900E4CB09 /* Dev Profile */ = {
			isa = PBXNativeTarget;
			buildConfigurationList = BFA8040D1F40CEA900E4CB09 /* Build configuration list for PBXNativeTarget "Dev Profile" */;
			buildPhases = (
				BFA803F71F40CEA900E4CB09 /* Sources */,
				BFA803F81F40CEA900E4CB09 /* Frameworks */,
				BFA803F91F40CEA900E4CB09 /* Resources */,
			);
			buildRules = (
			);
			dependencies = (
			);
			name = "Dev Profile";
			productName = "Dev Profile";
			productReference = BFA803FB1F40CEA900E4CB09 /* Dev Profile.app */;
			productType = "com.apple.product-type.application";
		};
/* End PBXNativeTarget section */

/* Begin PBXProject section */
		BFA803F31F40CEA900E4CB09 /* Project object */ = {
			isa = PBXProject;
			attributes = {
				LastSwiftUpdateCheck = 0900;
				LastUpgradeCheck = 0900;
				ORGANIZATIONNAME = ClementM;
				TargetAttributes = {
					BFA803FA1F40CEA900E4CB09 = {
						CreatedOnToolsVersion = 9.0;
					};
				};
			};
			buildConfigurationList = BFA803F61F40CEA900E4CB09 /* Build configuration list for PBXProject "Dev Profile" */;
			compatibilityVersion = "Xcode 8.0";
			developmentRegion = en;
			hasScannedForEncodings = 0;
			knownRegions = (
				en,
				Base,
			);
			mainGroup = BFA803F21F40CEA900E4CB09;
			productRefGroup = BFA803FC1F40CEA900E4CB09 /* Products */;
			projectDirPath = "";
			projectRoot = "";
			targets = (
				BFA803FA1F40CEA900E4CB09 /* Dev Profile */,
			);
		};
/* End PBXProject section */

/* Begin PBXResourcesBuildPhase section */
		BFA803F91F40CEA900E4CB09 /* Resources */ = {
			isa = PBXResourcesBuildPhase;
			buildActionMask = 2147483647;
			files = (
				BFA804091F40CEA900E4CB09 /* LaunchScreen.storyboard in Resources */,
				BFA804061F40CEA900E4CB09 /* Assets.xcassets in Resources */,
				BFA804041F40CEA900E4CB09 /* Main.storyboard in Resources */,
			);
			runOnlyForDeploymentPostprocessing = 0;
		};
/* End PBXResourcesBuildPhase section */

/* Begin PBXSourcesBuildPhase section */
		BFA803F71F40CEA900E4CB09 /* Sources */ = {
			isa = PBXSourcesBuildPhase;
			buildActionMask = 2147483647;
			files = (
				BFA804011F40CEA900E4CB09 /* ViewController.swift in Sources */,
				BFA803FF1F40CEA900E4CB09 /* AppDelegate.swift in Sources */,
			);
			runOnlyForDeploymentPostprocessing = 0;
		};
/* End PBXSourcesBuildPhase section */

/* Begin PBXVariantGroup section */
		BFA804021F40CEA900E4CB09 /* Main.storyboard */ = {
			isa = PBXVariantGroup;
			children = (
				BFA804031F40CEA900E4CB09 /* Base */,
			);
			name = Main.storyboard;
			sourceTree = "<group>";
		};
		BFA804071F40CEA900E4CB09 /* LaunchScreen.storyboard */ = {
			isa = PBXVariantGroup;
			children = (
				BFA804081F40CEA900E4CB09 /* Base */,
			);
			name = LaunchScreen.storyboard;
			sourceTree = "<group>";
		};
/* End PBXVariantGroup section */

/* Begin XCBuildConfiguration section */
		BFA8040B1F40CEA900E4CB09 /* Debug */ = {
			isa = XCBuildConfiguration;
			buildSettings = {
				ALWAYS_SEARCH_USER_PATHS = NO;
				CLANG_ANALYZER_NONNULL = YES;
				CLANG_ANALYZER_NUMBER_OBJECT_CONVERSION = YES_AGGRESSIVE;
				CLANG_CXX_LANGUAGE_STANDARD = "gnu++14";
				CLANG_CXX_LIBRARY = "libc++";
				CLANG_ENABLE_MODULES = YES;
				CLANG_ENABLE_OBJC_ARC = YES;
				CLANG_WARN_BLOCK_CAPTURE_AUTORELEASING = YES;
				CLANG_WARN_BOOL_CONVERSION = YES;
				CLANG_WARN_COMMA = YES;
				CLANG_WARN_CONSTANT_CONVERSION = YES;
				CLANG_WARN_DIRECT_OBJC_ISA_USAGE = YES_ERROR;
				CLANG_WARN_DOCUMENTATION_COMMENTS = YES;
				CLANG_WARN_EMPTY_BODY = YES;
				CLANG_WARN_ENUM_CONVERSION = YES;
				CLANG_WARN_INFINITE_RECURSION = YES;
				CLANG_WARN_INT_CONVERSION = YES;
				CLANG_WARN_NON_LITERAL_NULL_CONVERSION = YES;
				CLANG_WARN_OBJC_LITERAL_CONVERSION = YES;
				CLANG_WARN_OBJC_ROOT_CLASS = YES_ERROR;
				CLANG_WARN_RANGE_LOOP_ANALYSIS = YES;
				CLANG_WARN_STRICT_PROTOTYPES = YES;
				CLANG_WARN_SUSPICIOUS_MOVE = YES;
				CLANG_WARN_UNGUARDED_AVAILABILITY = YES_AGGRESSIVE;
				CLANG_WARN_UNREACHABLE_CODE = YES;
				CLANG_WARN__DUPLICATE_METHOD_MATCH = YES;
				CODE_SIGN_IDENTITY = "iPhone Developer";
				COPY_PHASE_STRIP = NO;
				DEBUG_INFORMATION_FORMAT = dwarf;
				ENABLE_STRICT_OBJC_MSGSEND = YES;
				ENABLE_TESTABILITY = YES;
				GCC_C_LANGUAGE_STANDARD = gnu11;
				GCC_DYNAMIC_NO_PIC = NO;
				GCC_NO_COMMON_BLOCKS = YES;
				GCC_OPTIMIZATION_LEVEL = 0;
				GCC_PREPROCESSOR_DEFINITIONS = (
					"DEBUG=1",
					"$(inherited)",
				);
				GCC_WARN_64_TO_32_BIT_CONVERSION = YES;
				GCC_WARN_ABOUT_RETURN_TYPE = YES_ERROR;
				GCC_WARN_UNDECLARED_SELECTOR = YES;
				GCC_WARN_UNINITIALIZED_AUTOS = YES_AGGRESSIVE;
				GCC_WARN_UNUSED_FUNCTION = YES;
				GCC_WARN_UNUSED_VARIABLE = YES;
				IPHONEOS_DEPLOYMENT_TARGET = 11.0;
				MTL_ENABLE_DEBUG_INFO = YES;
				ONLY_ACTIVE_ARCH = YES;
				SDKROOT = iphoneos;
				SWIFT_ACTIVE_COMPILATION_CONDITIONS = DEBUG;
				SWIFT_OPTIMIZATION_LEVEL = "-Onone";
			};
			name = Debug;
		};
		BFA8040C1F40CEA900E4CB09 /* Release */ = {
			isa = XCBuildConfiguration;
			buildSettings = {
				ALWAYS_SEARCH_USER_PATHS = NO;
				CLANG_ANALYZER_NONNULL = YES;
				CLANG_ANALYZER_NUMBER_OBJECT_CONVERSION = YES_AGGRESSIVE;
				CLANG_CXX_LANGUAGE_STANDARD = "gnu++14";
				CLANG_CXX_LIBRARY = "libc++";
				CLANG_ENABLE_MODULES = YES;
				CLANG_ENABLE_OBJC_ARC = YES;
				CLANG_WARN_BLOCK_CAPTURE_AUTORELEASING = YES;
				CLANG_WARN_BOOL_CONVERSION = YES;
				CLANG_WARN_COMMA = YES;
				CLANG_WARN_CONSTANT_CONVERSION = YES;
				CLANG_WARN_DIRECT_OBJC_ISA_USAGE = YES_ERROR;
				CLANG_WARN_DOCUMENTATION_COMMENTS = YES;
				CLANG_WARN_EMPTY_BODY = YES;
				CLANG_WARN_ENUM_CONVERSION = YES;
				CLANG_WARN_INFINITE_RECURSION = YES;
				CLANG_WARN_INT_CONVERSION = YES;
				CLANG_WARN_NON_LITERAL_NULL_CONVERSION = YES;
				CLANG_WARN_OBJC_LITERAL_CONVERSION = YES;
				CLANG_WARN_OBJC_ROOT_CLASS = YES_ERROR;
				CLANG_WARN_RANGE_LOOP_ANALYSIS = YES;
				CLANG_WARN_STRICT_PROTOTYPES = YES;
				CLANG_WARN_SUSPICIOUS_MOVE = YES;
				CLANG_WARN_UNGUARDED_AVAILABILITY = YES_AGGRESSIVE;
				CLANG_WARN_UNREACHABLE_CODE = YES;
				CLANG_WARN__DUPLICATE_METHOD_MATCH = YES;
				CODE_SIGN_IDENTITY = "iPhone Developer";
				COPY_PHASE_STRIP = NO;
				DEBUG_INFORMATION_FORMAT = "dwarf-with-dsym";
				ENABLE_NS_ASSERTIONS = NO;
				ENABLE_STRICT_OBJC_MSGSEND = YES;
				GCC_C_LANGUAGE_STANDARD = gnu11;
				GCC_NO_COMMON_BLOCKS = YES;
				GCC_WARN_64_TO_32_BIT_CONVERSION = YES;
				GCC_WARN_ABOUT_RETURN_TYPE = YES_ERROR;
				GCC_WARN_UNDECLARED_SELECTOR = YES;
				GCC_WARN_UNINITIALIZED_AUTOS = YES_AGGRESSIVE;
				GCC_WARN_UNUSED_FUNCTION = YES;
				GCC_WARN_UNUSED_VARIABLE = YES;
				IPHONEOS_DEPLOYMENT_TARGET = 11.0;
				MTL_ENABLE_DEBUG_INFO = NO;
				SDKROOT = iphoneos;
				SWIFT_OPTIMIZATION_LEVEL = "-Owholemodule";
				VALIDATE_PRODUCT = YES;
			};
			name = Release;
		};
		BFA8040E1F40CEA900E4CB09 /* Debug */ = {
			isa = XCBuildConfiguration;
			buildSettings = {
				ASSETCATALOG_COMPILER_APPICON_NAME = AppIcon;
				DEVELOPMENT_TEAM = V836JU6J3D;
				INFOPLIST_FILE = "Dev Profile/Info.plist";
				LD_RUNPATH_SEARCH_PATHS = "$(inherited) @executable_path/Frameworks";
				PRODUCT_BUNDLE_IDENTIFIER = "com.clementm.Dev-Profile";
				PRODUCT_NAME = "$(TARGET_NAME)";
				SWIFT_VERSION = 4.0;
				TARGETED_DEVICE_FAMILY = "1,2";
			};
			name = Debug;
		};
		BFA8040F1F40CEA900E4CB09 /* Release */ = {
			isa = XCBuildConfiguration;
			buildSettings = {
				ASSETCATALOG_COMPILER_APPICON_NAME = AppIcon;
				DEVELOPMENT_TEAM = V836JU6J3D;
				INFOPLIST_FILE = "Dev Profile/Info.plist";
				LD_RUNPATH_SEARCH_PATHS = "$(inherited) @executable_path/Frameworks";
				PRODUCT_BUNDLE_IDENTIFIER = "com.clementm.Dev-Profile";
				PRODUCT_NAME = "$(TARGET_NAME)";
				SWIFT_VERSION = 4.0;
				TARGETED_DEVICE_FAMILY = "1,2";
			};
			name = Release;
		};
/* End XCBuildConfiguration section */

/* Begin XCConfigurationList section */
		BFA803F61F40CEA900E4CB09 /* Build configuration list for PBXProject "Dev Profile" */ = {
			isa = XCConfigurationList;
			buildConfigurations = (
				BFA8040B1F40CEA900E4CB09 /* Debug */,
				BFA8040C1F40CEA900E4CB09 /* Release */,
			);
			defaultConfigurationIsVisible = 0;
			defaultConfigurationName = Release;
		};
		BFA8040D1F40CEA900E4CB09 /* Build configuration list for PBXNativeTarget "Dev Profile" */ = {
			isa = XCConfigurationList;
			buildConfigurations = (
				BFA8040E1F40CEA900E4CB09 /* Debug */,
				BFA8040F1F40CEA900E4CB09 /* Release */,
			);
			defaultConfigurationIsVisible = 0;
			defaultConfigurationName = Release;
		};
/* End XCConfigurationList section */
	};
	rootObject = BFA803F31F40CEA900E4CB09 /* Project object */;
}
